
Microsoft Visual Studio Solution File, Format Version 12.00
# Visual Studio Version 17
VisualStudioVersion = 17.10.35027.167
MinimumVisualStudioVersion = 10.0.40219.1
Project("{FAE04EC0-301F-11D3-BF4B-00C04F79EFBC}") = "Lab1IndiviualTask", "Lab1IndiviualTask\Lab1IndiviualTask.csproj", "{856EC8FD-2E93-4CFB-9427-E73C34C878DA}"
EndProject
Global
	GlobalSection(SolutionConfigurationPlatforms) = preSolution
		Debug|Any CPU = Debug|Any CPU
		Release|Any CPU = Release|Any CPU
	EndGlobalSection
	GlobalSection(ProjectConfigurationPlatforms) = postSolution
		{856EC8FD-2E93-4CFB-9427-E73C34C878DA}.Debug|Any CPU.ActiveCfg = Debug|Any CPU
		{856EC8FD-2E93-4CFB-9427-E73C34C878DA}.Debug|Any CPU.Build.0 = Debug|Any CPU
		{856EC8FD-2E93-4CFB-9427-E73C34C878DA}.Debug|Any CPU.Deploy.0 = Debug|Any CPU
		{856EC8FD-2E93-4CFB-9427-E73C34C878DA}.Release|Any CPU.ActiveCfg = Release|Any CPU
		{856EC8FD-2E93-4CFB-9427-E73C34C878DA}.Release|Any CPU.Build.0 = Release|Any CPU
		{856EC8FD-2E93-4CFB-9427-E73C34C878DA}.Release|Any CPU.Deploy.0 = Release|Any CPU
	EndGlobalSection
	GlobalSection(SolutionProperties) = preSolution
		HideSolutionNode = FALSE
	EndGlobalSection
	GlobalSection(ExtensibilityGlobals) = postSolution
		SolutionGuid = {47C2B5E2-5802-4493-B935-A3D04531AA84}
	EndGlobalSection
EndGlobal
